
Microsoft Visual Studio Solution File, Format Version 12.00
Project("{FAE04EC0-301F-11D3-BF4B-00C04F79EFBC}") = "Dfe.FE.Interventions.Api", "Dfe.FE.Interventions.Api\Dfe.FE.Interventions.Api.csproj", "{6091A5F5-BB3D-46CE-8DA4-8BD8F5BE062E}"
EndProject
Project("{FAE04EC0-301F-11D3-BF4B-00C04F79EFBC}") = "Dfe.FE.Interventions.Domain", "Dfe.FE.Interventions.Domain\Dfe.FE.Interventions.Domain.csproj", "{FC0504A2-04AF-406E-82C0-508499212F14}"
EndProject
Project("{FAE04EC0-301F-11D3-BF4B-00C04F79EFBC}") = "Dfe.FE.Interventions.Application", "Dfe.FE.Interventions.Application\Dfe.FE.Interventions.Application.csproj", "{BB19BC61-E7AF-4BED-8EE1-ACBF31404F15}"
EndProject
Project("{2150E333-8FDC-42A3-9474-1A3956D46DE8}") = "Tests", "Tests", "{F5EACB08-4517-48DF-A0BE-5795580E295D}"
EndProject
Project("{FAE04EC0-301F-11D3-BF4B-00C04F79EFBC}") = "Dfe.FE.Interventions.Api.UnitTests", "Dfe.FE.Interventions.Api.UnitTests\Dfe.FE.Interventions.Api.UnitTests.csproj", "{E384C7D9-7080-4C87-9A82-B337DE8C189F}"
EndProject
Project("{FAE04EC0-301F-11D3-BF4B-00C04F79EFBC}") = "Dfe.FE.Interventions.Data", "Dfe.FE.Interventions.Data\Dfe.FE.Interventions.Data.csproj", "{9C238792-F738-4018-87F2-07CB68EB1050}"
EndProject
Project("{FAE04EC0-301F-11D3-BF4B-00C04F79EFBC}") = "Dfe.FE.Interventions.Application.UnitTests", "Dfe.FE.Interventions.Application.UnitTests\Dfe.FE.Interventions.Application.UnitTests.csproj", "{6D954A53-5E20-4FF5-9DE3-FAEAA150F4C8}"
EndProject
Global
	GlobalSection(SolutionConfigurationPlatforms) = preSolution
		Debug|Any CPU = Debug|Any CPU
		Release|Any CPU = Release|Any CPU
	EndGlobalSection
	GlobalSection(ProjectConfigurationPlatforms) = postSolution
		{6091A5F5-BB3D-46CE-8DA4-8BD8F5BE062E}.Debug|Any CPU.ActiveCfg = Debug|Any CPU
		{6091A5F5-BB3D-46CE-8DA4-8BD8F5BE062E}.Debug|Any CPU.Build.0 = Debug|Any CPU
		{6091A5F5-BB3D-46CE-8DA4-8BD8F5BE062E}.Release|Any CPU.ActiveCfg = Release|Any CPU
		{6091A5F5-BB3D-46CE-8DA4-8BD8F5BE062E}.Release|Any CPU.Build.0 = Release|Any CPU
		{FC0504A2-04AF-406E-82C0-508499212F14}.Debug|Any CPU.ActiveCfg = Debug|Any CPU
		{FC0504A2-04AF-406E-82C0-508499212F14}.Debug|Any CPU.Build.0 = Debug|Any CPU
		{FC0504A2-04AF-406E-82C0-508499212F14}.Release|Any CPU.ActiveCfg = Release|Any CPU
		{FC0504A2-04AF-406E-82C0-508499212F14}.Release|Any CPU.Build.0 = Release|Any CPU
		{BB19BC61-E7AF-4BED-8EE1-ACBF31404F15}.Debug|Any CPU.ActiveCfg = Debug|Any CPU
		{BB19BC61-E7AF-4BED-8EE1-ACBF31404F15}.Debug|Any CPU.Build.0 = Debug|Any CPU
		{BB19BC61-E7AF-4BED-8EE1-ACBF31404F15}.Release|Any CPU.ActiveCfg = Release|Any CPU
		{BB19BC61-E7AF-4BED-8EE1-ACBF31404F15}.Release|Any CPU.Build.0 = Release|Any CPU
		{E384C7D9-7080-4C87-9A82-B337DE8C189F}.Debug|Any CPU.ActiveCfg = Debug|Any CPU
		{E384C7D9-7080-4C87-9A82-B337DE8C189F}.Debug|Any CPU.Build.0 = Debug|Any CPU
		{E384C7D9-7080-4C87-9A82-B337DE8C189F}.Release|Any CPU.ActiveCfg = Release|Any CPU
		{E384C7D9-7080-4C87-9A82-B337DE8C189F}.Release|Any CPU.Build.0 = Release|Any CPU
		{9C238792-F738-4018-87F2-07CB68EB1050}.Debug|Any CPU.ActiveCfg = Debug|Any CPU
		{9C238792-F738-4018-87F2-07CB68EB1050}.Debug|Any CPU.Build.0 = Debug|Any CPU
		{9C238792-F738-4018-87F2-07CB68EB1050}.Release|Any CPU.ActiveCfg = Release|Any CPU
		{9C238792-F738-4018-87F2-07CB68EB1050}.Release|Any CPU.Build.0 = Release|Any CPU
		{6D954A53-5E20-4FF5-9DE3-FAEAA150F4C8}.Debug|Any CPU.ActiveCfg = Debug|Any CPU
		{6D954A53-5E20-4FF5-9DE3-FAEAA150F4C8}.Debug|Any CPU.Build.0 = Debug|Any CPU
		{6D954A53-5E20-4FF5-9DE3-FAEAA150F4C8}.Release|Any CPU.ActiveCfg = Release|Any CPU
		{6D954A53-5E20-4FF5-9DE3-FAEAA150F4C8}.Release|Any CPU.Build.0 = Release|Any CPU
	EndGlobalSection
	GlobalSection(NestedProjects) = preSolution
		{E384C7D9-7080-4C87-9A82-B337DE8C189F} = {F5EACB08-4517-48DF-A0BE-5795580E295D}
		{6D954A53-5E20-4FF5-9DE3-FAEAA150F4C8} = {F5EACB08-4517-48DF-A0BE-5795580E295D}
	EndGlobalSection
EndGlobal
